
Microsoft Visual Studio Solution File, Format Version 12.00
# Visual Studio 2013
VisualStudioVersion = 12.0.21005.1
MinimumVisualStudioVersion = 10.0.40219.1
Project("{FAE04EC0-301F-11D3-BF4B-00C04F79EFBC}") = "Briet3", "Briet3\Briet3.csproj", "{AB1685F8-A0B1-4534-AFDA-C1FF35B58B83}"
EndProject
Project("{FAE04EC0-301F-11D3-BF4B-00C04F79EFBC}") = "Briet3.Tests", "Briet3.Tests\Briet3.Tests.csproj", "{5B3CACCC-3DEB-4469-8324-E4DFA37B7C03}"
EndProject
Global
	GlobalSection(SolutionConfigurationPlatforms) = preSolution
		Debug|Any CPU = Debug|Any CPU
		Release|Any CPU = Release|Any CPU
	EndGlobalSection
	GlobalSection(ProjectConfigurationPlatforms) = postSolution
		{AB1685F8-A0B1-4534-AFDA-C1FF35B58B83}.Debug|Any CPU.ActiveCfg = Debug|Any CPU
		{AB1685F8-A0B1-4534-AFDA-C1FF35B58B83}.Debug|Any CPU.Build.0 = Debug|Any CPU
		{AB1685F8-A0B1-4534-AFDA-C1FF35B58B83}.Release|Any CPU.ActiveCfg = Release|Any CPU
		{AB1685F8-A0B1-4534-AFDA-C1FF35B58B83}.Release|Any CPU.Build.0 = Release|Any CPU
		{5B3CACCC-3DEB-4469-8324-E4DFA37B7C03}.Debug|Any CPU.ActiveCfg = Debug|Any CPU
		{5B3CACCC-3DEB-4469-8324-E4DFA37B7C03}.Debug|Any CPU.Build.0 = Debug|Any CPU
		{5B3CACCC-3DEB-4469-8324-E4DFA37B7C03}.Release|Any CPU.ActiveCfg = Release|Any CPU
		{5B3CACCC-3DEB-4469-8324-E4DFA37B7C03}.Release|Any CPU.Build.0 = Release|Any CPU
	EndGlobalSection
	GlobalSection(SolutionProperties) = preSolution
		HideSolutionNode = FALSE
	EndGlobalSection
EndGlobal
